{
  "name": "roundtouchsim",
  "version": "1.0.0",
  "lockfileVersion": 1,
  "requires": true,
  "dependencies": {
    "lil-gui": {
      "version": "0.18.2",
      "resolved": "https://registry.npmjs.org/lil-gui/-/lil-gui-0.18.2.tgz",
      "integrity": "sha512-DgdrLy3/KGC0PiQLKgOcJMPItP4xY4iWgJ9+91Zaxfr8GCTmMps05QS9w9jW7yspILlbscbquwjOwxmWnSx5Uw=="
    }
  }
}
